<?xml version="1.0" encoding="utf-8"?>
<Project ToolsVersion="4.0" xmlns="http://schemas.microsoft.com/developer/msbuild/2003">
  <ItemGroup>
    <Filter Include="Source Files">
      <UniqueIdentifier>{4FC737F1-C7A5-4376-A066-2A32D752A2FF}</UniqueIdentifier>
      <Extensions>cpp;c;cc;cxx;def;odl;idl;hpj;bat;asm;asmx</Extensions>
    </Filter>
    <Filter Include="Header Files">
      <UniqueIdentifier>{93995380-89BD-4b04-88EB-625FBE52EBFB}</UniqueIdentifier>
      <Extensions>h;hh;hpp;hxx;hm;inl;inc;xsd</Extensions>
    </Filter>
    <Filter Include="Resource Files">
      <UniqueIdentifier>{67DA6AB6-F800-4c08-8B7A-83BB121AAD01}</UniqueIdentifier>
      <Extensions>rc;ico;cur;bmp;dlg;rc2;rct;bin;rgs;gif;jpg;jpeg;jpe;resx;tiff;tif;png;wav;mfcribbon-ms</Extensions>
    </Filter>
  </ItemGroup>
  <ItemGroup>
    <ClInclude Include="..\OpenSource\pugixml\pugiconfig.hpp">
      <Filter>Header Files</Filter>
    </ClInclude>
    <ClInclude Include="..\OpenSource\pugixml\pugixml.hpp">
      <Filter>Header Files</Filter>
    </ClInclude>
    <ClInclude Include="Config\AssetLibrary.h">
      <Filter>Header Files</Filter>
    </ClInclude>
    <ClInclude Include="Config\BaseSettings.h">
      <Filter>Header Files</Filter>
    </ClInclude>
    <ClInclude Include="EditorOverLay\EditorItemBase.h">
      <Filter>Header Files</Filter>
    </ClInclude>
    <ClInclude Include="EditorOverLay\EditorOverLay.h">
      <Filter>Header Files</Filter>
    </ClInclude>
    <ClInclude Include="EditorOverLay\EditorOverlayController.h">
      <Filter>Header Files</Filter>
    </ClInclude>
    <ClInclude Include="EditorOverLay\TilePage.h">
      <Filter>Header Files</Filter>
    </ClInclude>
    <ClInclude Include="ImageManagement\Image.h">
      <Filter>Header Files</Filter>
    </ClInclude>
    <ClInclude Include="ImageManagement\ImageBundle.h">
      <Filter>Header Files</Filter>
    </ClInclude>
    <ClInclude Include="ImageManagement\ImageLoader.h">
      <Filter>Header Files</Filter>
    </ClInclude>
    <ClInclude Include="ImageManagement\ImageSet.h">
      <Filter>Header Files</Filter>
    </ClInclude>
    <ClInclude Include="ImageManagement\ImageStateGroup.h">
      <Filter>Header Files</Filter>
    </ClInclude>
    <ClInclude Include="LivingEntity\Character.h">
      <Filter>Header Files</Filter>
    </ClInclude>
    <ClInclude Include="LivingEntity\Player.h">
      <Filter>Header Files</Filter>
    </ClInclude>
    <ClInclude Include="Menu\Menu.h">
      <Filter>Header Files</Filter>
    </ClInclude>
    <ClInclude Include="Menu\MenuItem.h">
      <Filter>Header Files</Filter>
    </ClInclude>
    <ClInclude Include="Misc\ObjectBase.h">
      <Filter>Header Files</Filter>
    </ClInclude>
    <ClInclude Include="States\State.h">
      <Filter>Header Files</Filter>
    </ClInclude>
    <ClInclude Include="Static\Definitions.h">
      <Filter>Header Files</Filter>
    </ClInclude>
    <ClInclude Include="World\Cell.h">
      <Filter>Header Files</Filter>
    </ClInclude>
    <ClInclude Include="World\CharacterSpawn.h">
      <Filter>Header Files</Filter>
    </ClInclude>
    <ClInclude Include="World\InteractiveObject.h">
      <Filter>Header Files</Filter>
    </ClInclude>
    <ClInclude Include="World\Item.h">
      <Filter>Header Files</Filter>
    </ClInclude>
    <ClInclude Include="World\Map.h">
      <Filter>Header Files</Filter>
    </ClInclude>
    <ClInclude Include="World\Tile.h">
      <Filter>Header Files</Filter>
    </ClInclude>
  </ItemGroup>
  <ItemGroup>
    <ClCompile Include="..\OpenSource\pugixml\pugixml.cpp">
      <Filter>Source Files</Filter>
    </ClCompile>
    <ClCompile Include="Config\AssetLibrary.cpp">
      <Filter>Source Files</Filter>
    </ClCompile>
    <ClCompile Include="Config\BaseSettings.cpp">
      <Filter>Source Files</Filter>
    </ClCompile>
    <ClCompile Include="EditorOverLay\EditorItemBase.cpp">
      <Filter>Source Files</Filter>
    </ClCompile>
    <ClCompile Include="EditorOverLay\EditorOverLay.cpp">
      <Filter>Source Files</Filter>
    </ClCompile>
    <ClCompile Include="EditorOverLay\EditorOverlayController.cpp">
      <Filter>Source Files</Filter>
    </ClCompile>
    <ClCompile Include="EditorOverLay\TilePage.cpp">
      <Filter>Source Files</Filter>
    </ClCompile>
    <ClCompile Include="ImageManagement\Image.cpp">
      <Filter>Source Files</Filter>
    </ClCompile>
    <ClCompile Include="ImageManagement\ImageBundle.cpp">
      <Filter>Source Files</Filter>
    </ClCompile>
    <ClCompile Include="ImageManagement\ImageLoader.cpp">
      <Filter>Source Files</Filter>
    </ClCompile>
    <ClCompile Include="ImageManagement\ImageSet.cpp">
      <Filter>Source Files</Filter>
    </ClCompile>
    <ClCompile Include="ImageManagement\ImageStateGroup.cpp">
      <Filter>Source Files</Filter>
    </ClCompile>
    <ClCompile Include="LivingEntity\Character.cpp">
      <Filter>Source Files</Filter>
    </ClCompile>
    <ClCompile Include="LivingEntity\Player.cpp">
      <Filter>Source Files</Filter>
    </ClCompile>
    <ClCompile Include="Menu\Menu.cpp">
      <Filter>Source Files</Filter>
    </ClCompile>
    <ClCompile Include="Menu\MenuItem.cpp">
      <Filter>Source Files</Filter>
    </ClCompile>
    <ClCompile Include="States\State.cpp">
      <Filter>Source Files</Filter>
    </ClCompile>
    <ClCompile Include="World\Cell.cpp">
      <Filter>Source Files</Filter>
    </ClCompile>
    <ClCompile Include="World\CharacterSpawn.cpp">
      <Filter>Source Files</Filter>
    </ClCompile>
    <ClCompile Include="World\InteractiveObject.cpp">
      <Filter>Source Files</Filter>
    </ClCompile>
    <ClCompile Include="World\Item.cpp">
      <Filter>Source Files</Filter>
    </ClCompile>
    <ClCompile Include="World\Map.cpp">
      <Filter>Source Files</Filter>
    </ClCompile>
    <ClCompile Include="World\Tile.cpp">
      <Filter>Source Files</Filter>
    </ClCompile>
  </ItemGroup>
</Project>